
Microsoft Visual Studio Solution File, Format Version 12.00
# Visual Studio Version 17
VisualStudioVersion = 17.0.31903.59
MinimumVisualStudioVersion = 10.0.40219.1
Project("{2150E333-8FDC-42A3-9474-1A3956D46DE8}") = "src", "src", "{7E8FA774-AD64-421D-B37F-ED6A21778414}"
EndProject
Project("{9A19103F-16F7-4668-BE54-9A1E7A4F7556}") = "KinopoikDB.Api", "src\KinopoikDB.Api\KinopoikDB.Api.csproj", "{21FDFEFF-1267-4B96-B372-EC6D2434E5F0}"
EndProject
Project("{9A19103F-16F7-4668-BE54-9A1E7A4F7556}") = "KinopoiskDB.Application", "src\KinopoiskDB.Application\KinopoiskDB.Application.csproj", "{4410F39E-ECB3-4B47-B3E2-52275BF8AC61}"
EndProject
Project("{9A19103F-16F7-4668-BE54-9A1E7A4F7556}") = "KinopoiskDB.Dal.PostgreSQL", "src\KinopoiskDB.Dal.PostgreSQL\KinopoiskDB.Dal.PostgreSQL.csproj", "{97C45861-5635-4F4D-8FAC-08EA44ED83D6}"
EndProject
Project("{9A19103F-16F7-4668-BE54-9A1E7A4F7556}") = "KinopoiskDB.Core", "src\KinopoiskDB.Core\KinopoiskDB.Core.csproj", "{D9208BF9-AA5B-4421-905A-22B70C2A835D}"
EndProject
Project("{9A19103F-16F7-4668-BE54-9A1E7A4F7556}") = "KinopoiskDB.Infrastructure", "src\KinopoiskDB.Infrastructure\KinopoiskDB.Infrastructure.csproj", "{166F61B9-2BBA-4A2B-958C-C65BB1F8AE85}"
EndProject
Project("{E53339B2-1760-4266-BCC7-CA923CBCF16C}") = "docker-compose", "docker-compose.dcproj", "{50BEBA0B-D302-4300-94DE-8F41BE3B4E0E}"
EndProject
Project("{2150E333-8FDC-42A3-9474-1A3956D46DE8}") = "tests", "tests", "{736BF96A-F734-4ED3-BE3B-EF7461AEB4A6}"
EndProject
Project("{9A19103F-16F7-4668-BE54-9A1E7A4F7556}") = "MoviesRepositoryTests", "tests\MoviesRepositoryTests\MoviesRepositoryTests.csproj", "{688C0417-D8C2-4AC0-9C54-ED812A8F6A57}"
EndProject
Project("{FAE04EC0-301F-11D3-BF4B-00C04F79EFBC}") = "MoviesRepository.Tests.Intergation", "tests\MoviesRepository.Tests.Intergation\MoviesRepository.Tests.Intergation.csproj", "{5E97667B-DDE0-4843-A0B4-87A71F8261BF}"
EndProject
Global
	GlobalSection(SolutionConfigurationPlatforms) = preSolution
		Debug|Any CPU = Debug|Any CPU
		Release|Any CPU = Release|Any CPU
	EndGlobalSection
	GlobalSection(ProjectConfigurationPlatforms) = postSolution
		{21FDFEFF-1267-4B96-B372-EC6D2434E5F0}.Debug|Any CPU.ActiveCfg = Debug|Any CPU
		{21FDFEFF-1267-4B96-B372-EC6D2434E5F0}.Debug|Any CPU.Build.0 = Debug|Any CPU
		{21FDFEFF-1267-4B96-B372-EC6D2434E5F0}.Release|Any CPU.ActiveCfg = Release|Any CPU
		{21FDFEFF-1267-4B96-B372-EC6D2434E5F0}.Release|Any CPU.Build.0 = Release|Any CPU
		{4410F39E-ECB3-4B47-B3E2-52275BF8AC61}.Debug|Any CPU.ActiveCfg = Debug|Any CPU
		{4410F39E-ECB3-4B47-B3E2-52275BF8AC61}.Debug|Any CPU.Build.0 = Debug|Any CPU
		{4410F39E-ECB3-4B47-B3E2-52275BF8AC61}.Release|Any CPU.ActiveCfg = Release|Any CPU
		{4410F39E-ECB3-4B47-B3E2-52275BF8AC61}.Release|Any CPU.Build.0 = Release|Any CPU
		{97C45861-5635-4F4D-8FAC-08EA44ED83D6}.Debug|Any CPU.ActiveCfg = Debug|Any CPU
		{97C45861-5635-4F4D-8FAC-08EA44ED83D6}.Debug|Any CPU.Build.0 = Debug|Any CPU
		{97C45861-5635-4F4D-8FAC-08EA44ED83D6}.Release|Any CPU.ActiveCfg = Release|Any CPU
		{97C45861-5635-4F4D-8FAC-08EA44ED83D6}.Release|Any CPU.Build.0 = Release|Any CPU
		{D9208BF9-AA5B-4421-905A-22B70C2A835D}.Debug|Any CPU.ActiveCfg = Debug|Any CPU
		{D9208BF9-AA5B-4421-905A-22B70C2A835D}.Debug|Any CPU.Build.0 = Debug|Any CPU
		{D9208BF9-AA5B-4421-905A-22B70C2A835D}.Release|Any CPU.ActiveCfg = Release|Any CPU
		{D9208BF9-AA5B-4421-905A-22B70C2A835D}.Release|Any CPU.Build.0 = Release|Any CPU
		{166F61B9-2BBA-4A2B-958C-C65BB1F8AE85}.Debug|Any CPU.ActiveCfg = Debug|Any CPU
		{166F61B9-2BBA-4A2B-958C-C65BB1F8AE85}.Debug|Any CPU.Build.0 = Debug|Any CPU
		{166F61B9-2BBA-4A2B-958C-C65BB1F8AE85}.Release|Any CPU.ActiveCfg = Release|Any CPU
		{166F61B9-2BBA-4A2B-958C-C65BB1F8AE85}.Release|Any CPU.Build.0 = Release|Any CPU
		{50BEBA0B-D302-4300-94DE-8F41BE3B4E0E}.Debug|Any CPU.ActiveCfg = Debug|Any CPU
		{50BEBA0B-D302-4300-94DE-8F41BE3B4E0E}.Debug|Any CPU.Build.0 = Debug|Any CPU
		{50BEBA0B-D302-4300-94DE-8F41BE3B4E0E}.Release|Any CPU.ActiveCfg = Release|Any CPU
		{50BEBA0B-D302-4300-94DE-8F41BE3B4E0E}.Release|Any CPU.Build.0 = Release|Any CPU
		{688C0417-D8C2-4AC0-9C54-ED812A8F6A57}.Debug|Any CPU.ActiveCfg = Debug|Any CPU
		{688C0417-D8C2-4AC0-9C54-ED812A8F6A57}.Debug|Any CPU.Build.0 = Debug|Any CPU
		{688C0417-D8C2-4AC0-9C54-ED812A8F6A57}.Release|Any CPU.ActiveCfg = Release|Any CPU
		{688C0417-D8C2-4AC0-9C54-ED812A8F6A57}.Release|Any CPU.Build.0 = Release|Any CPU
		{5E97667B-DDE0-4843-A0B4-87A71F8261BF}.Debug|Any CPU.ActiveCfg = Debug|Any CPU
		{5E97667B-DDE0-4843-A0B4-87A71F8261BF}.Debug|Any CPU.Build.0 = Debug|Any CPU
		{5E97667B-DDE0-4843-A0B4-87A71F8261BF}.Release|Any CPU.ActiveCfg = Release|Any CPU
		{5E97667B-DDE0-4843-A0B4-87A71F8261BF}.Release|Any CPU.Build.0 = Release|Any CPU
	EndGlobalSection
	GlobalSection(SolutionProperties) = preSolution
		HideSolutionNode = FALSE
	EndGlobalSection
	GlobalSection(NestedProjects) = preSolution
		{21FDFEFF-1267-4B96-B372-EC6D2434E5F0} = {7E8FA774-AD64-421D-B37F-ED6A21778414}
		{4410F39E-ECB3-4B47-B3E2-52275BF8AC61} = {7E8FA774-AD64-421D-B37F-ED6A21778414}
		{97C45861-5635-4F4D-8FAC-08EA44ED83D6} = {7E8FA774-AD64-421D-B37F-ED6A21778414}
		{D9208BF9-AA5B-4421-905A-22B70C2A835D} = {7E8FA774-AD64-421D-B37F-ED6A21778414}
		{166F61B9-2BBA-4A2B-958C-C65BB1F8AE85} = {7E8FA774-AD64-421D-B37F-ED6A21778414}
		{688C0417-D8C2-4AC0-9C54-ED812A8F6A57} = {736BF96A-F734-4ED3-BE3B-EF7461AEB4A6}
		{5E97667B-DDE0-4843-A0B4-87A71F8261BF} = {736BF96A-F734-4ED3-BE3B-EF7461AEB4A6}
	EndGlobalSection
	GlobalSection(ExtensibilityGlobals) = postSolution
		SolutionGuid = {CDAF61D7-7FA7-4AA2-A6EF-41D053C18BF6}
	EndGlobalSection
EndGlobal
